<?xml version="1.0" encoding="utf-8"?>
<Project ToolsVersion="4.0" xmlns="http://schemas.microsoft.com/developer/msbuild/2003">
  <ItemGroup>
    <Filter Include="源文件">
      <UniqueIdentifier>{4FC737F1-C7A5-4376-A066-2A32D752A2FF}</UniqueIdentifier>
      <Extensions>cpp;c;cc;cxx;def;odl;idl;hpj;bat;asm;asmx</Extensions>
    </Filter>
    <Filter Include="资源文件">
      <UniqueIdentifier>{67DA6AB6-F800-4c08-8B7A-83BB121AAD01}</UniqueIdentifier>
      <Extensions>rc;ico;cur;bmp;dlg;rc2;rct;bin;rgs;gif;jpg;jpeg;jpe;resx;tiff;tif;png;wav;mfcribbon-ms</Extensions>
    </Filter>
    <Filter Include="db">
      <UniqueIdentifier>{2773b239-c562-4034-8dee-dd3fc9bf00ae}</UniqueIdentifier>
    </Filter>
    <Filter Include="源文件\头文件">
      <UniqueIdentifier>{93995380-89BD-4b04-88EB-625FBE52EBFB}</UniqueIdentifier>
      <Extensions>h;hh;hpp;hxx;hm;inl;inc;ipp;xsd</Extensions>
    </Filter>
    <Filter Include="fastdb">
      <UniqueIdentifier>{b710fcb4-b45c-4b03-b87c-36dd6782a42c}</UniqueIdentifier>
    </Filter>
    <Filter Include="include">
      <UniqueIdentifier>{8b6f8b97-7101-408c-9666-e872496cd4a1}</UniqueIdentifier>
    </Filter>
    <Filter Include="cache">
      <UniqueIdentifier>{3a827025-7373-40f4-a72d-bb72ba2cd524}</UniqueIdentifier>
    </Filter>
    <Filter Include="cache\controller">
      <UniqueIdentifier>{ff57009a-efad-4064-a063-ffb8b276ce0a}</UniqueIdentifier>
    </Filter>
    <Filter Include="cache\model">
      <UniqueIdentifier>{8260cf66-5b50-4b3b-9099-e65dd9f42b4a}</UniqueIdentifier>
    </Filter>
  </ItemGroup>
  <ItemGroup>
    <ClCompile Include="db\connection_pool.cpp">
      <Filter>db</Filter>
    </ClCompile>
    <ClCompile Include="db\connection_pool_manager.cpp">
      <Filter>db</Filter>
    </ClCompile>
    <ClCompile Include="db\dbconnector.cpp">
      <Filter>db</Filter>
    </ClCompile>
    <ClCompile Include="include\cache_def.cpp">
      <Filter>include</Filter>
    </ClCompile>
    <ClCompile Include="include\common.cpp">
      <Filter>include</Filter>
    </ClCompile>
    <ClCompile Include="include\config.cpp">
      <Filter>include</Filter>
    </ClCompile>
    <ClCompile Include="include\constants.cpp">
      <Filter>include</Filter>
    </ClCompile>
    <ClCompile Include="include\idbutil.cpp">
      <Filter>include</Filter>
    </ClCompile>
    <ClCompile Include="include\idutil.cpp">
      <Filter>include</Filter>
    </ClCompile>
    <ClCompile Include="include\logger.cpp">
      <Filter>include</Filter>
    </ClCompile>
    <ClCompile Include="include\pinyin.cpp">
      <Filter>include</Filter>
    </ClCompile>
    <ClCompile Include="cache\cache_attachguard.cpp">
      <Filter>cache</Filter>
    </ClCompile>
    <ClCompile Include="cache\cache_center.cpp">
      <Filter>cache</Filter>
    </ClCompile>
    <ClCompile Include="cache\cache_monitor.cpp">
      <Filter>cache</Filter>
    </ClCompile>
    <ClCompile Include="cache\controller\account_cachecontroller.cpp">
      <Filter>cache\controller</Filter>
    </ClCompile>
    <ClCompile Include="cache\model\account_cache.cpp">
      <Filter>cache\model</Filter>
    </ClCompile>
    <ClCompile Include="include\pugixml.cpp">
      <Filter>include</Filter>
    </ClCompile>
    <ClCompile Include="fastdb\class.cpp">
      <Filter>fastdb</Filter>
    </ClCompile>
    <ClCompile Include="fastdb\compiler.cpp">
      <Filter>fastdb</Filter>
    </ClCompile>
    <ClCompile Include="fastdb\container.cpp">
      <Filter>fastdb</Filter>
    </ClCompile>
    <ClCompile Include="fastdb\cursor.cpp">
      <Filter>fastdb</Filter>
    </ClCompile>
    <ClCompile Include="fastdb\database.cpp">
      <Filter>fastdb</Filter>
    </ClCompile>
    <ClCompile Include="fastdb\file.cpp">
      <Filter>fastdb</Filter>
    </ClCompile>
    <ClCompile Include="fastdb\hashtab.cpp">
      <Filter>fastdb</Filter>
    </ClCompile>
    <ClCompile Include="fastdb\localcli.cpp">
      <Filter>fastdb</Filter>
    </ClCompile>
    <ClCompile Include="fastdb\query.cpp">
      <Filter>fastdb</Filter>
    </ClCompile>
    <ClCompile Include="fastdb\repsock.cpp">
      <Filter>fastdb</Filter>
    </ClCompile>
    <ClCompile Include="fastdb\rtree.cpp">
      <Filter>fastdb</Filter>
    </ClCompile>
    <ClCompile Include="fastdb\server.cpp">
      <Filter>fastdb</Filter>
    </ClCompile>
    <ClCompile Include="fastdb\stdtp.cpp">
      <Filter>fastdb</Filter>
    </ClCompile>
    <ClCompile Include="fastdb\symtab.cpp">
      <Filter>fastdb</Filter>
    </ClCompile>
    <ClCompile Include="fastdb\sync.cpp">
      <Filter>fastdb</Filter>
    </ClCompile>
    <ClCompile Include="fastdb\ttree.cpp">
      <Filter>fastdb</Filter>
    </ClCompile>
    <ClCompile Include="fastdb\w32sock.cpp">
      <Filter>fastdb</Filter>
    </ClCompile>
    <ClCompile Include="fastdb\wwwapi.cpp">
      <Filter>fastdb</Filter>
    </ClCompile>
    <ClCompile Include="fastdb\xml.cpp">
      <Filter>fastdb</Filter>
    </ClCompile>
    <ClCompile Include="main.cpp">
      <Filter>源文件</Filter>
    </ClCompile>
  </ItemGroup>
  <ItemGroup>
    <ClInclude Include="db\connection_pool.h">
      <Filter>db</Filter>
    </ClInclude>
    <ClInclude Include="db\connection_pool_manager.h">
      <Filter>db</Filter>
    </ClInclude>
    <ClInclude Include="db\dbconnector.h">
      <Filter>db</Filter>
    </ClInclude>
    <ClInclude Include="include\cache_def.h">
      <Filter>include</Filter>
    </ClInclude>
    <ClInclude Include="include\common.h">
      <Filter>include</Filter>
    </ClInclude>
    <ClInclude Include="include\config.h">
      <Filter>include</Filter>
    </ClInclude>
    <ClInclude Include="include\constants.h">
      <Filter>include</Filter>
    </ClInclude>
    <ClInclude Include="include\fid.h">
      <Filter>include</Filter>
    </ClInclude>
    <ClInclude Include="include\idbutil.h">
      <Filter>include</Filter>
    </ClInclude>
    <ClInclude Include="include\idutil.h">
      <Filter>include</Filter>
    </ClInclude>
    <ClInclude Include="include\logger.h">
      <Filter>include</Filter>
    </ClInclude>
    <ClInclude Include="include\pinyin.h">
      <Filter>include</Filter>
    </ClInclude>
    <ClInclude Include="include\process_memory.h">
      <Filter>include</Filter>
    </ClInclude>
    <ClInclude Include="include\SimpleTimer.h">
      <Filter>include</Filter>
    </ClInclude>
    <ClInclude Include="cache\cache_attachguard.h">
      <Filter>cache</Filter>
    </ClInclude>
    <ClInclude Include="cache\cache_center.h">
      <Filter>cache</Filter>
    </ClInclude>
    <ClInclude Include="cache\cache_controller.h">
      <Filter>cache</Filter>
    </ClInclude>
    <ClInclude Include="cache\cache_controller_declare.h">
      <Filter>cache</Filter>
    </ClInclude>
    <ClInclude Include="cache\cache_monitor.h">
      <Filter>cache</Filter>
    </ClInclude>
    <ClInclude Include="cache\simple_cache_controller.h">
      <Filter>cache</Filter>
    </ClInclude>
    <ClInclude Include="cache\controller\account_cachecontroller.h">
      <Filter>cache\controller</Filter>
    </ClInclude>
    <ClInclude Include="cache\model\account_cache.h">
      <Filter>cache\model</Filter>
    </ClInclude>
    <ClInclude Include="include\pugixml.hpp">
      <Filter>include</Filter>
    </ClInclude>
    <ClInclude Include="include\IDBDefine.h">
      <Filter>include</Filter>
    </ClInclude>
    <ClInclude Include="include\pugiconfig.hpp">
      <Filter>include</Filter>
    </ClInclude>
    <ClInclude Include="fastdb\array.h">
      <Filter>fastdb</Filter>
    </ClInclude>
    <ClInclude Include="fastdb\class.h">
      <Filter>fastdb</Filter>
    </ClInclude>
    <ClInclude Include="fastdb\cli.h">
      <Filter>fastdb</Filter>
    </ClInclude>
    <ClInclude Include="fastdb\cliproto.h">
      <Filter>fastdb</Filter>
    </ClInclude>
    <ClInclude Include="fastdb\compiler.h">
      <Filter>fastdb</Filter>
    </ClInclude>
    <ClInclude Include="fastdb\config.h">
      <Filter>fastdb</Filter>
    </ClInclude>
    <ClInclude Include="fastdb\container.h">
      <Filter>fastdb</Filter>
    </ClInclude>
    <ClInclude Include="fastdb\cursor.h">
      <Filter>fastdb</Filter>
    </ClInclude>
    <ClInclude Include="fastdb\database.h">
      <Filter>fastdb</Filter>
    </ClInclude>
    <ClInclude Include="fastdb\date.h">
      <Filter>fastdb</Filter>
    </ClInclude>
    <ClInclude Include="fastdb\datetime.h">
      <Filter>fastdb</Filter>
    </ClInclude>
    <ClInclude Include="fastdb\exception.h">
      <Filter>fastdb</Filter>
    </ClInclude>
    <ClInclude Include="fastdb\fastdb.h">
      <Filter>fastdb</Filter>
    </ClInclude>
    <ClInclude Include="fastdb\fastdbShim.h">
      <Filter>fastdb</Filter>
    </ClInclude>
    <ClInclude Include="fastdb\file.h">
      <Filter>fastdb</Filter>
    </ClInclude>
    <ClInclude Include="fastdb\harray.h">
      <Filter>fastdb</Filter>
    </ClInclude>
    <ClInclude Include="fastdb\hashtab.h">
      <Filter>fastdb</Filter>
    </ClInclude>
    <ClInclude Include="fastdb\iqsort.h">
      <Filter>fastdb</Filter>
    </ClInclude>
    <ClInclude Include="fastdb\localcli.h">
      <Filter>fastdb</Filter>
    </ClInclude>
    <ClInclude Include="fastdb\query.h">
      <Filter>fastdb</Filter>
    </ClInclude>
    <ClInclude Include="fastdb\rectangle.h">
      <Filter>fastdb</Filter>
    </ClInclude>
    <ClInclude Include="fastdb\reference.h">
      <Filter>fastdb</Filter>
    </ClInclude>
    <ClInclude Include="fastdb\repsock.h">
      <Filter>fastdb</Filter>
    </ClInclude>
    <ClInclude Include="fastdb\rtree.h">
      <Filter>fastdb</Filter>
    </ClInclude>
    <ClInclude Include="fastdb\server.h">
      <Filter>fastdb</Filter>
    </ClInclude>
    <ClInclude Include="fastdb\set.h">
      <Filter>fastdb</Filter>
    </ClInclude>
    <ClInclude Include="fastdb\sockio.h">
      <Filter>fastdb</Filter>
    </ClInclude>
    <ClInclude Include="fastdb\stdtp.h">
      <Filter>fastdb</Filter>
    </ClInclude>
    <ClInclude Include="fastdb\subsql.h">
      <Filter>fastdb</Filter>
    </ClInclude>
    <ClInclude Include="fastdb\symtab.h">
      <Filter>fastdb</Filter>
    </ClInclude>
    <ClInclude Include="fastdb\sync.h">
      <Filter>fastdb</Filter>
    </ClInclude>
    <ClInclude Include="fastdb\sync_unix.h">
      <Filter>fastdb</Filter>
    </ClInclude>
    <ClInclude Include="fastdb\sync_w32.h">
      <Filter>fastdb</Filter>
    </ClInclude>
    <ClInclude Include="fastdb\timeseries.h">
      <Filter>fastdb</Filter>
    </ClInclude>
    <ClInclude Include="fastdb\ttree.h">
      <Filter>fastdb</Filter>
    </ClInclude>
    <ClInclude Include="fastdb\unisock.h">
      <Filter>fastdb</Filter>
    </ClInclude>
    <ClInclude Include="fastdb\w32sock.h">
      <Filter>fastdb</Filter>
    </ClInclude>
    <ClInclude Include="fastdb\wince.h">
      <Filter>fastdb</Filter>
    </ClInclude>
    <ClInclude Include="fastdb\wince_time.h">
      <Filter>fastdb</Filter>
    </ClInclude>
    <ClInclude Include="fastdb\wwwapi.h">
      <Filter>fastdb</Filter>
    </ClInclude>
  </ItemGroup>
  <ItemGroup>
    <None Include="fastdb\compiler.d">
      <Filter>fastdb</Filter>
    </None>
  </ItemGroup>
</Project>